
Microsoft Visual Studio Solution File, Format Version 12.00
# Visual Studio Version 16
VisualStudioVersion = 16.0.28803.156
MinimumVisualStudioVersion = 10.0.40219.1
Project("{9A19103F-16F7-4668-BE54-9A1E7A4F7556}") = "RimrockMVC", "RimrockMVC\RimrockMVC.csproj", "{44C3A17A-CB62-4AC8-87F1-76176C968B66}"
EndProject
Project("{FAE04EC0-301F-11D3-BF4B-00C04F79EFBC}") = "MVCTests", "MVCTests\MVCTests.csproj", "{9DDDE754-9D91-4E5C-BA88-5B924F379A80}"
EndProject
Global
	GlobalSection(SolutionConfigurationPlatforms) = preSolution
		Debug|Any CPU = Debug|Any CPU
		Release|Any CPU = Release|Any CPU
	EndGlobalSection
	GlobalSection(ProjectConfigurationPlatforms) = postSolution
		{44C3A17A-CB62-4AC8-87F1-76176C968B66}.Debug|Any CPU.ActiveCfg = Debug|Any CPU
		{44C3A17A-CB62-4AC8-87F1-76176C968B66}.Debug|Any CPU.Build.0 = Debug|Any CPU
		{44C3A17A-CB62-4AC8-87F1-76176C968B66}.Release|Any CPU.ActiveCfg = Release|Any CPU
		{44C3A17A-CB62-4AC8-87F1-76176C968B66}.Release|Any CPU.Build.0 = Release|Any CPU
		{9DDDE754-9D91-4E5C-BA88-5B924F379A80}.Debug|Any CPU.ActiveCfg = Debug|Any CPU
		{9DDDE754-9D91-4E5C-BA88-5B924F379A80}.Debug|Any CPU.Build.0 = Debug|Any CPU
		{9DDDE754-9D91-4E5C-BA88-5B924F379A80}.Release|Any CPU.ActiveCfg = Release|Any CPU
		{9DDDE754-9D91-4E5C-BA88-5B924F379A80}.Release|Any CPU.Build.0 = Release|Any CPU
	EndGlobalSection
	GlobalSection(SolutionProperties) = preSolution
		HideSolutionNode = FALSE
	EndGlobalSection
	GlobalSection(ExtensibilityGlobals) = postSolution
		SolutionGuid = {65F63AB8-97A4-4B6C-9BFB-E685D28A5484}
	EndGlobalSection
EndGlobal
